// !$*UTF8*$!
{
	archiveVersion = 1;
	classes = {
	};
	objectVersion = 51;
	objects = {

/* Begin PBXBuildFile section */
		3AABDA6228F456DB7E1A756A /* Pods_gud_ios.framework in Frameworks */ = {isa = PBXBuildFile; fileRef = 38F33FC68346C8C4E3FC0F7C /* Pods_gud_ios.framework */; };
		41DD8E1D534A0EEC7DA912A8 /* Pods_gud_iosTests.framework in Frameworks */ = {isa = PBXBuildFile; fileRef = 0B833F8A95566B4BF75C1BC7 /* Pods_gud_iosTests.framework */; };
		F5106F1C22EFF0D800425299 /* AppDelegate.swift in Sources */ = {isa = PBXBuildFile; fileRef = F5106F1B22EFF0D800425299 /* AppDelegate.swift */; };
		F5106F2522EFF0D900425299 /* Assets.xcassets in Resources */ = {isa = PBXBuildFile; fileRef = F5106F2422EFF0D900425299 /* Assets.xcassets */; };
		F5106F2822EFF0D900425299 /* LaunchScreen.storyboard in Resources */ = {isa = PBXBuildFile; fileRef = F5106F2622EFF0D900425299 /* LaunchScreen.storyboard */; };
		F5106F3722EFF36400425299 /* gud_iosTests.swift in Sources */ = {isa = PBXBuildFile; fileRef = F5106F3622EFF36400425299 /* gud_iosTests.swift */; };
		F5106F4122EFF39500425299 /* BaseViewController.swift in Sources */ = {isa = PBXBuildFile; fileRef = F5106F4022EFF39500425299 /* BaseViewController.swift */; };
		F5106F4622EFF41800425299 /* BaseTabBarController.swift in Sources */ = {isa = PBXBuildFile; fileRef = F5106F4522EFF41800425299 /* BaseTabBarController.swift */; };
		F5106F4822EFF43B00425299 /* BaseNavigationController.swift in Sources */ = {isa = PBXBuildFile; fileRef = F5106F4722EFF43B00425299 /* BaseNavigationController.swift */; };
		F5106F4B22EFF52A00425299 /* FolderListViewController.swift in Sources */ = {isa = PBXBuildFile; fileRef = F5106F4A22EFF52A00425299 /* FolderListViewController.swift */; };
		F5106F4F22EFF84600425299 /* FolderListNavigationController.swift in Sources */ = {isa = PBXBuildFile; fileRef = F5106F4E22EFF84600425299 /* FolderListNavigationController.swift */; };
		F5106F5122EFF86E00425299 /* FolderListCoordinator.swift in Sources */ = {isa = PBXBuildFile; fileRef = F5106F5022EFF86E00425299 /* FolderListCoordinator.swift */; };
		F5106F5422EFF95600425299 /* Coordinatable.swift in Sources */ = {isa = PBXBuildFile; fileRef = F5106F5322EFF95600425299 /* Coordinatable.swift */; };
		F5106F5622EFFA1600425299 /* AppTabBarController.swift in Sources */ = {isa = PBXBuildFile; fileRef = F5106F5522EFFA1600425299 /* AppTabBarController.swift */; };
		F5106F5822EFFA5B00425299 /* AppCoordinator.swift in Sources */ = {isa = PBXBuildFile; fileRef = F5106F5722EFFA5B00425299 /* AppCoordinator.swift */; };
		F5106F5D22F0949900425299 /* DeepLinkOption.swift in Sources */ = {isa = PBXBuildFile; fileRef = F5106F5C22F0949900425299 /* DeepLinkOption.swift */; };
		F5106F5F22F1818F00425299 /* FolderCell.swift in Sources */ = {isa = PBXBuildFile; fileRef = F5106F5E22F1818F00425299 /* FolderCell.swift */; };
		F5106F6122F181AF00425299 /* BaseCollectionViewCell.swift in Sources */ = {isa = PBXBuildFile; fileRef = F5106F6022F181AF00425299 /* BaseCollectionViewCell.swift */; };
		F5106F6322F1824300425299 /* UniquelyIdentifiable.swift in Sources */ = {isa = PBXBuildFile; fileRef = F5106F6222F1824300425299 /* UniquelyIdentifiable.swift */; };
		F5106F6522F1986800425299 /* FolderListDataStore.swift in Sources */ = {isa = PBXBuildFile; fileRef = F5106F6422F1986800425299 /* FolderListDataStore.swift */; };
		F5106F6822F1996800425299 /* Folder.swift in Sources */ = {isa = PBXBuildFile; fileRef = F5106F6722F1996800425299 /* Folder.swift */; };
		F5106F6A22F2A64300425299 /* CustomColor.swift in Sources */ = {isa = PBXBuildFile; fileRef = F5106F6922F2A64300425299 /* CustomColor.swift */; };
		F5106F6D22F40BD700425299 /* Extensions.swift in Sources */ = {isa = PBXBuildFile; fileRef = F5106F6C22F40BD700425299 /* Extensions.swift */; };
		F5106F6F22F5F49C00425299 /* FolderListDependencyOptions.swift in Sources */ = {isa = PBXBuildFile; fileRef = F5106F6E22F5F49C00425299 /* FolderListDependencyOptions.swift */; };
		F5106F7222F5F84100425299 /* NetworkServicable.swift in Sources */ = {isa = PBXBuildFile; fileRef = F5106F7122F5F84100425299 /* NetworkServicable.swift */; };
		F5106F7422F5F84A00425299 /* CacheServicable.swift in Sources */ = {isa = PBXBuildFile; fileRef = F5106F7322F5F84A00425299 /* CacheServicable.swift */; };
		F5106F7622F5FF7C00425299 /* GudNetworkService.swift in Sources */ = {isa = PBXBuildFile; fileRef = F5106F7522F5FF7C00425299 /* GudNetworkService.swift */; };
		F5106F7A22F666B700425299 /* BaseNetworkService.swift in Sources */ = {isa = PBXBuildFile; fileRef = F5106F7922F666B700425299 /* BaseNetworkService.swift */; };
		F5106F7C22F6670200425299 /* BaseCacheService.swift in Sources */ = {isa = PBXBuildFile; fileRef = F5106F7B22F6670200425299 /* BaseCacheService.swift */; };
		F5106F8022FB1D3100425299 /* FolderEditorViewController.swift in Sources */ = {isa = PBXBuildFile; fileRef = F5106F7F22FB1D3100425299 /* FolderEditorViewController.swift */; };
		F5106F8222FB1E4F00425299 /* FolderEditorCoordinator.swift in Sources */ = {isa = PBXBuildFile; fileRef = F5106F8122FB1E4F00425299 /* FolderEditorCoordinator.swift */; };
		F5106F8422FB1F0300425299 /* FolderEditorNavigationController.swift in Sources */ = {isa = PBXBuildFile; fileRef = F5106F8322FB1F0300425299 /* FolderEditorNavigationController.swift */; };
		F5106F8622FB1F3400425299 /* FolderEditorDependencyOptions.swift in Sources */ = {isa = PBXBuildFile; fileRef = F5106F8522FB1F3400425299 /* FolderEditorDependencyOptions.swift */; };
		F5106F8822FB210200425299 /* FolderEditorDataStore.swift in Sources */ = {isa = PBXBuildFile; fileRef = F5106F8722FB210200425299 /* FolderEditorDataStore.swift */; };
		F5106F9122FCE73F00425299 /* RealmManager.swift in Sources */ = {isa = PBXBuildFile; fileRef = F5106F9022FCE73F00425299 /* RealmManager.swift */; };
		F5106F9422FE277900425299 /* TextInputCell.swift in Sources */ = {isa = PBXBuildFile; fileRef = F5106F9322FE277900425299 /* TextInputCell.swift */; };
		F5106F9622FE27C400425299 /* BaseTableViewCell.swift in Sources */ = {isa = PBXBuildFile; fileRef = F5106F9522FE27C400425299 /* BaseTableViewCell.swift */; };
		F533E1D323009D1A005A624E /* RLMBaseModel.swift in Sources */ = {isa = PBXBuildFile; fileRef = F533E1D223009D1A005A624E /* RLMBaseModel.swift */; };
		F533E1D72300F94A005A624E /* TextInputCellUpdating.swift in Sources */ = {isa = PBXBuildFile; fileRef = F533E1D62300F94A005A624E /* TextInputCellUpdating.swift */; };
		F533E1D923021845005A624E /* NotificationGrandCentral.swift in Sources */ = {isa = PBXBuildFile; fileRef = F533E1D823021845005A624E /* NotificationGrandCentral.swift */; };
		F56B73CF232DB84100E6F958 /* Environment.swift in Sources */ = {isa = PBXBuildFile; fileRef = F56B73CE232DB84100E6F958 /* Environment.swift */; };
		F59487B7233BF2EF001FECA5 /* SearchResultsViewController.swift in Sources */ = {isa = PBXBuildFile; fileRef = F59487B6233BF2EF001FECA5 /* SearchResultsViewController.swift */; };
		F59644B82308ECEF009EE6C8 /* AppViewModel.swift in Sources */ = {isa = PBXBuildFile; fileRef = F59644B72308ECEF009EE6C8 /* AppViewModel.swift */; };
		F59644BA2308EE5F009EE6C8 /* AppDependencyOptions.swift in Sources */ = {isa = PBXBuildFile; fileRef = F59644B92308EE5F009EE6C8 /* AppDependencyOptions.swift */; };
		F59644BC230A127D009EE6C8 /* FolderListViewModel.swift in Sources */ = {isa = PBXBuildFile; fileRef = F59644BB230A127D009EE6C8 /* FolderListViewModel.swift */; };
		F59644C2230D3B8C009EE6C8 /* AppTabBarControllerDelegate.swift in Sources */ = {isa = PBXBuildFile; fileRef = F59644C1230D3B8C009EE6C8 /* AppTabBarControllerDelegate.swift */; };
		F59644C4230DA58F009EE6C8 /* FolderEditorViewModel.swift in Sources */ = {isa = PBXBuildFile; fileRef = F59644C3230DA58F009EE6C8 /* FolderEditorViewModel.swift */; };
		F5A2FAFE23419FAF001A0E22 /* Datetime.swift in Sources */ = {isa = PBXBuildFile; fileRef = F5A2FAFD23419FAF001A0E22 /* Datetime.swift */; };
		F5A2FB002341A193001A0E22 /* RecordIdentifiable.swift in Sources */ = {isa = PBXBuildFile; fileRef = F5A2FAFF2341A193001A0E22 /* RecordIdentifiable.swift */; };
		F5D55A6D2335601C001D8121 /* DBException.swift in Sources */ = {isa = PBXBuildFile; fileRef = F5D55A6C2335601C001D8121 /* DBException.swift */; };
		F5D55A6F23356882001D8121 /* AlertType.swift in Sources */ = {isa = PBXBuildFile; fileRef = F5D55A6E23356882001D8121 /* AlertType.swift */; };
		F5D67745233C000F00A5AD62 /* SearchResultCell.swift in Sources */ = {isa = PBXBuildFile; fileRef = F5D67744233C000F00A5AD62 /* SearchResultCell.swift */; };
		F5D9092223105EFE00757C45 /* Task.swift in Sources */ = {isa = PBXBuildFile; fileRef = F5D9092123105EFE00757C45 /* Task.swift */; };
		F5D9092623107C5700757C45 /* BasicAlerting.swift in Sources */ = {isa = PBXBuildFile; fileRef = F5D9092523107C5700757C45 /* BasicAlerting.swift */; };
		F5D9093023150D1E00757C45 /* DropdownMenuViewController.swift in Sources */ = {isa = PBXBuildFile; fileRef = F5D9092F23150D1E00757C45 /* DropdownMenuViewController.swift */; };
		F5D909332315100100757C45 /* FolderListDropdownMenuCoordinator.swift in Sources */ = {isa = PBXBuildFile; fileRef = F5D909322315100100757C45 /* FolderListDropdownMenuCoordinator.swift */; };
		F5D909352315144D00757C45 /* DropdownMenuSourceView.swift in Sources */ = {isa = PBXBuildFile; fileRef = F5D909342315144D00757C45 /* DropdownMenuSourceView.swift */; };
		F5D909382316FDAC00757C45 /* FolderListDropdownMenuDataStore.swift in Sources */ = {isa = PBXBuildFile; fileRef = F5D909372316FDAC00757C45 /* FolderListDropdownMenuDataStore.swift */; };
		F5D9093B23186F7D00757C45 /* TaskListCoordinator.swift in Sources */ = {isa = PBXBuildFile; fileRef = F5D9093A23186F7D00757C45 /* TaskListCoordinator.swift */; };
		F5D9093D2318701B00757C45 /* TaskListViewController.swift in Sources */ = {isa = PBXBuildFile; fileRef = F5D9093C2318701B00757C45 /* TaskListViewController.swift */; };
		F5D90941231880A800757C45 /* TaskListViewModel.swift in Sources */ = {isa = PBXBuildFile; fileRef = F5D90940231880A800757C45 /* TaskListViewModel.swift */; };
		F5D90943231880FC00757C45 /* TaskListDataStore.swift in Sources */ = {isa = PBXBuildFile; fileRef = F5D90942231880FC00757C45 /* TaskListDataStore.swift */; };
		F5D909452318817D00757C45 /* TaskListDependencyOptions.swift in Sources */ = {isa = PBXBuildFile; fileRef = F5D909442318817D00757C45 /* TaskListDependencyOptions.swift */; };
		F5D9094723188AC400757C45 /* TaskCell.swift in Sources */ = {isa = PBXBuildFile; fileRef = F5D9094623188AC400757C45 /* TaskCell.swift */; };
		F5D9094A2319B1BB00757C45 /* TaskEditorCoordinator.swift in Sources */ = {isa = PBXBuildFile; fileRef = F5D909492319B1BB00757C45 /* TaskEditorCoordinator.swift */; };
		F5D9094C2319B2B000757C45 /* TaskEditorViewController.swift in Sources */ = {isa = PBXBuildFile; fileRef = F5D9094B2319B2B000757C45 /* TaskEditorViewController.swift */; };
		F5D9094E2319B31200757C45 /* TaskEditorViewModel.swift in Sources */ = {isa = PBXBuildFile; fileRef = F5D9094D2319B31200757C45 /* TaskEditorViewModel.swift */; };
		F5D909502319B3A400757C45 /* TaskEditorDataStore.swift in Sources */ = {isa = PBXBuildFile; fileRef = F5D9094F2319B3A400757C45 /* TaskEditorDataStore.swift */; };
		F5D909522319B3C900757C45 /* TaskEditorDependencyOptions.swift in Sources */ = {isa = PBXBuildFile; fileRef = F5D909512319B3C900757C45 /* TaskEditorDependencyOptions.swift */; };
		F5D90956231A9C8700757C45 /* ActivePersistable.swift in Sources */ = {isa = PBXBuildFile; fileRef = F5D90955231A9C8700757C45 /* ActivePersistable.swift */; };
		F5D90958231C82FA00757C45 /* TaskEditorNavigationController.swift in Sources */ = {isa = PBXBuildFile; fileRef = F5D90957231C82FA00757C45 /* TaskEditorNavigationController.swift */; };
		F5F49DCD233FD37200CCF17F /* SearchResult.swift in Sources */ = {isa = PBXBuildFile; fileRef = F5F49DCC233FD37200CCF17F /* SearchResult.swift */; };
/* End PBXBuildFile section */

/* Begin PBXContainerItemProxy section */
		F5106F3922EFF36400425299 /* PBXContainerItemProxy */ = {
			isa = PBXContainerItemProxy;
			containerPortal = F5106F1022EFF0D800425299 /* Project object */;
			proxyType = 1;
			remoteGlobalIDString = F5106F1722EFF0D800425299;
			remoteInfo = "gud-ios";
		};
/* End PBXContainerItemProxy section */

/* Begin PBXFileReference section */
		0B833F8A95566B4BF75C1BC7 /* Pods_gud_iosTests.framework */ = {isa = PBXFileReference; explicitFileType = wrapper.framework; includeInIndex = 0; path = Pods_gud_iosTests.framework; sourceTree = BUILT_PRODUCTS_DIR; };
		38F33FC68346C8C4E3FC0F7C /* Pods_gud_ios.framework */ = {isa = PBXFileReference; explicitFileType = wrapper.framework; includeInIndex = 0; path = Pods_gud_ios.framework; sourceTree = BUILT_PRODUCTS_DIR; };
		7D833A7819D245BF5B295D80 /* Pods-gud-iosTests.debug.xcconfig */ = {isa = PBXFileReference; includeInIndex = 1; lastKnownFileType = text.xcconfig; name = "Pods-gud-iosTests.debug.xcconfig"; path = "Target Support Files/Pods-gud-iosTests/Pods-gud-iosTests.debug.xcconfig"; sourceTree = "<group>"; };
		90075D545DD3AE62FC0EB1DA /* Pods-gud-ios.release.xcconfig */ = {isa = PBXFileReference; includeInIndex = 1; lastKnownFileType = text.xcconfig; name = "Pods-gud-ios.release.xcconfig"; path = "Target Support Files/Pods-gud-ios/Pods-gud-ios.release.xcconfig"; sourceTree = "<group>"; };
		A8C286A41DE33C7F44E47A61 /* Pods-gud-ios.debug.xcconfig */ = {isa = PBXFileReference; includeInIndex = 1; lastKnownFileType = text.xcconfig; name = "Pods-gud-ios.debug.xcconfig"; path = "Target Support Files/Pods-gud-ios/Pods-gud-ios.debug.xcconfig"; sourceTree = "<group>"; };
		B9FCBAC9FB4FAEAC5A360A84 /* Pods-gud-iosTests.release.xcconfig */ = {isa = PBXFileReference; includeInIndex = 1; lastKnownFileType = text.xcconfig; name = "Pods-gud-iosTests.release.xcconfig"; path = "Target Support Files/Pods-gud-iosTests/Pods-gud-iosTests.release.xcconfig"; sourceTree = "<group>"; };
		F5106F1822EFF0D800425299 /* gud-ios.app */ = {isa = PBXFileReference; explicitFileType = wrapper.application; includeInIndex = 0; path = "gud-ios.app"; sourceTree = BUILT_PRODUCTS_DIR; };
		F5106F1B22EFF0D800425299 /* AppDelegate.swift */ = {isa = PBXFileReference; lastKnownFileType = sourcecode.swift; path = AppDelegate.swift; sourceTree = "<group>"; };
		F5106F2422EFF0D900425299 /* Assets.xcassets */ = {isa = PBXFileReference; lastKnownFileType = folder.assetcatalog; path = Assets.xcassets; sourceTree = "<group>"; };
		F5106F2722EFF0D900425299 /* Base */ = {isa = PBXFileReference; lastKnownFileType = file.storyboard; name = Base; path = Base.lproj/LaunchScreen.storyboard; sourceTree = "<group>"; };
		F5106F2922EFF0D900425299 /* Info.plist */ = {isa = PBXFileReference; lastKnownFileType = text.plist.xml; path = Info.plist; sourceTree = "<group>"; };
		F5106F3422EFF36400425299 /* gud-iosTests.xctest */ = {isa = PBXFileReference; explicitFileType = wrapper.cfbundle; includeInIndex = 0; path = "gud-iosTests.xctest"; sourceTree = BUILT_PRODUCTS_DIR; };
		F5106F3622EFF36400425299 /* gud_iosTests.swift */ = {isa = PBXFileReference; lastKnownFileType = sourcecode.swift; path = gud_iosTests.swift; sourceTree = "<group>"; };
		F5106F3822EFF36400425299 /* Info.plist */ = {isa = PBXFileReference; lastKnownFileType = text.plist.xml; path = Info.plist; sourceTree = "<group>"; };
		F5106F4022EFF39500425299 /* BaseViewController.swift */ = {isa = PBXFileReference; lastKnownFileType = sourcecode.swift; path = BaseViewController.swift; sourceTree = "<group>"; };
		F5106F4522EFF41800425299 /* BaseTabBarController.swift */ = {isa = PBXFileReference; lastKnownFileType = sourcecode.swift; path = BaseTabBarController.swift; sourceTree = "<group>"; };
		F5106F4722EFF43B00425299 /* BaseNavigationController.swift */ = {isa = PBXFileReference; lastKnownFileType = sourcecode.swift; path = BaseNavigationController.swift; sourceTree = "<group>"; };
		F5106F4A22EFF52A00425299 /* FolderListViewController.swift */ = {isa = PBXFileReference; lastKnownFileType = sourcecode.swift; path = FolderListViewController.swift; sourceTree = "<group>"; };
		F5106F4E22EFF84600425299 /* FolderListNavigationController.swift */ = {isa = PBXFileReference; lastKnownFileType = sourcecode.swift; path = FolderListNavigationController.swift; sourceTree = "<group>"; };
		F5106F5022EFF86E00425299 /* FolderListCoordinator.swift */ = {isa = PBXFileReference; lastKnownFileType = sourcecode.swift; path = FolderListCoordinator.swift; sourceTree = "<group>"; };
		F5106F5322EFF95600425299 /* Coordinatable.swift */ = {isa = PBXFileReference; lastKnownFileType = sourcecode.swift; path = Coordinatable.swift; sourceTree = "<group>"; };
		F5106F5522EFFA1600425299 /* AppTabBarController.swift */ = {isa = PBXFileReference; lastKnownFileType = sourcecode.swift; path = AppTabBarController.swift; sourceTree = "<group>"; };
		F5106F5722EFFA5B00425299 /* AppCoordinator.swift */ = {isa = PBXFileReference; lastKnownFileType = sourcecode.swift; path = AppCoordinator.swift; sourceTree = "<group>"; };
		F5106F5C22F0949900425299 /* DeepLinkOption.swift */ = {isa = PBXFileReference; lastKnownFileType = sourcecode.swift; path = DeepLinkOption.swift; sourceTree = "<group>"; };
		F5106F5E22F1818F00425299 /* FolderCell.swift */ = {isa = PBXFileReference; lastKnownFileType = sourcecode.swift; path = FolderCell.swift; sourceTree = "<group>"; };
		F5106F6022F181AF00425299 /* BaseCollectionViewCell.swift */ = {isa = PBXFileReference; lastKnownFileType = sourcecode.swift; path = BaseCollectionViewCell.swift; sourceTree = "<group>"; };
		F5106F6222F1824300425299 /* UniquelyIdentifiable.swift */ = {isa = PBXFileReference; lastKnownFileType = sourcecode.swift; path = UniquelyIdentifiable.swift; sourceTree = "<group>"; };
		F5106F6422F1986800425299 /* FolderListDataStore.swift */ = {isa = PBXFileReference; lastKnownFileType = sourcecode.swift; path = FolderListDataStore.swift; sourceTree = "<group>"; };
		F5106F6722F1996800425299 /* Folder.swift */ = {isa = PBXFileReference; lastKnownFileType = sourcecode.swift; path = Folder.swift; sourceTree = "<group>"; };
		F5106F6922F2A64300425299 /* CustomColor.swift */ = {isa = PBXFileReference; lastKnownFileType = sourcecode.swift; path = CustomColor.swift; sourceTree = "<group>"; };
		F5106F6C22F40BD700425299 /* Extensions.swift */ = {isa = PBXFileReference; lastKnownFileType = sourcecode.swift; path = Extensions.swift; sourceTree = "<group>"; };
		F5106F6E22F5F49C00425299 /* FolderListDependencyOptions.swift */ = {isa = PBXFileReference; lastKnownFileType = sourcecode.swift; path = FolderListDependencyOptions.swift; sourceTree = "<group>"; };
		F5106F7122F5F84100425299 /* NetworkServicable.swift */ = {isa = PBXFileReference; lastKnownFileType = sourcecode.swift; path = NetworkServicable.swift; sourceTree = "<group>"; };
		F5106F7322F5F84A00425299 /* CacheServicable.swift */ = {isa = PBXFileReference; lastKnownFileType = sourcecode.swift; path = CacheServicable.swift; sourceTree = "<group>"; };
		F5106F7522F5FF7C00425299 /* GudNetworkService.swift */ = {isa = PBXFileReference; lastKnownFileType = sourcecode.swift; path = GudNetworkService.swift; sourceTree = "<group>"; };
		F5106F7922F666B700425299 /* BaseNetworkService.swift */ = {isa = PBXFileReference; lastKnownFileType = sourcecode.swift; path = BaseNetworkService.swift; sourceTree = "<group>"; };
		F5106F7B22F6670200425299 /* BaseCacheService.swift */ = {isa = PBXFileReference; lastKnownFileType = sourcecode.swift; path = BaseCacheService.swift; sourceTree = "<group>"; };
		F5106F7F22FB1D3100425299 /* FolderEditorViewController.swift */ = {isa = PBXFileReference; lastKnownFileType = sourcecode.swift; path = FolderEditorViewController.swift; sourceTree = "<group>"; };
		F5106F8122FB1E4F00425299 /* FolderEditorCoordinator.swift */ = {isa = PBXFileReference; lastKnownFileType = sourcecode.swift; path = FolderEditorCoordinator.swift; sourceTree = "<group>"; };
		F5106F8322FB1F0300425299 /* FolderEditorNavigationController.swift */ = {isa = PBXFileReference; lastKnownFileType = sourcecode.swift; path = FolderEditorNavigationController.swift; sourceTree = "<group>"; };
		F5106F8522FB1F3400425299 /* FolderEditorDependencyOptions.swift */ = {isa = PBXFileReference; lastKnownFileType = sourcecode.swift; path = FolderEditorDependencyOptions.swift; sourceTree = "<group>"; };
		F5106F8722FB210200425299 /* FolderEditorDataStore.swift */ = {isa = PBXFileReference; lastKnownFileType = sourcecode.swift; path = FolderEditorDataStore.swift; sourceTree = "<group>"; };
		F5106F9022FCE73F00425299 /* RealmManager.swift */ = {isa = PBXFileReference; lastKnownFileType = sourcecode.swift; path = RealmManager.swift; sourceTree = "<group>"; };
		F5106F9322FE277900425299 /* TextInputCell.swift */ = {isa = PBXFileReference; lastKnownFileType = sourcecode.swift; path = TextInputCell.swift; sourceTree = "<group>"; };
		F5106F9522FE27C400425299 /* BaseTableViewCell.swift */ = {isa = PBXFileReference; lastKnownFileType = sourcecode.swift; path = BaseTableViewCell.swift; sourceTree = "<group>"; };
		F533E1D223009D1A005A624E /* RLMBaseModel.swift */ = {isa = PBXFileReference; lastKnownFileType = sourcecode.swift; path = RLMBaseModel.swift; sourceTree = "<group>"; };
		F533E1D62300F94A005A624E /* TextInputCellUpdating.swift */ = {isa = PBXFileReference; lastKnownFileType = sourcecode.swift; path = TextInputCellUpdating.swift; sourceTree = "<group>"; };
		F533E1D823021845005A624E /* NotificationGrandCentral.swift */ = {isa = PBXFileReference; lastKnownFileType = sourcecode.swift; path = NotificationGrandCentral.swift; sourceTree = "<group>"; };
		F56B73CE232DB84100E6F958 /* Environment.swift */ = {isa = PBXFileReference; lastKnownFileType = sourcecode.swift; name = Environment.swift; path = ../Application/Environment.swift; sourceTree = "<group>"; };
		F59487B6233BF2EF001FECA5 /* SearchResultsViewController.swift */ = {isa = PBXFileReference; lastKnownFileType = sourcecode.swift; path = SearchResultsViewController.swift; sourceTree = "<group>"; };
		F59644B72308ECEF009EE6C8 /* AppViewModel.swift */ = {isa = PBXFileReference; lastKnownFileType = sourcecode.swift; path = AppViewModel.swift; sourceTree = "<group>"; };
		F59644B92308EE5F009EE6C8 /* AppDependencyOptions.swift */ = {isa = PBXFileReference; lastKnownFileType = sourcecode.swift; path = AppDependencyOptions.swift; sourceTree = "<group>"; };
		F59644BB230A127D009EE6C8 /* FolderListViewModel.swift */ = {isa = PBXFileReference; lastKnownFileType = sourcecode.swift; path = FolderListViewModel.swift; sourceTree = "<group>"; };
		F59644C1230D3B8C009EE6C8 /* AppTabBarControllerDelegate.swift */ = {isa = PBXFileReference; lastKnownFileType = sourcecode.swift; path = AppTabBarControllerDelegate.swift; sourceTree = "<group>"; };
		F59644C3230DA58F009EE6C8 /* FolderEditorViewModel.swift */ = {isa = PBXFileReference; lastKnownFileType = sourcecode.swift; path = FolderEditorViewModel.swift; sourceTree = "<group>"; };
		F5A2FAFD23419FAF001A0E22 /* Datetime.swift */ = {isa = PBXFileReference; lastKnownFileType = sourcecode.swift; path = Datetime.swift; sourceTree = "<group>"; };
		F5A2FAFF2341A193001A0E22 /* RecordIdentifiable.swift */ = {isa = PBXFileReference; lastKnownFileType = sourcecode.swift; path = RecordIdentifiable.swift; sourceTree = "<group>"; };
		F5D55A6C2335601C001D8121 /* DBException.swift */ = {isa = PBXFileReference; lastKnownFileType = sourcecode.swift; path = DBException.swift; sourceTree = "<group>"; };
		F5D55A6E23356882001D8121 /* AlertType.swift */ = {isa = PBXFileReference; lastKnownFileType = sourcecode.swift; path = AlertType.swift; sourceTree = "<group>"; };
		F5D67744233C000F00A5AD62 /* SearchResultCell.swift */ = {isa = PBXFileReference; lastKnownFileType = sourcecode.swift; path = SearchResultCell.swift; sourceTree = "<group>"; };
		F5D9092123105EFE00757C45 /* Task.swift */ = {isa = PBXFileReference; lastKnownFileType = sourcecode.swift; path = Task.swift; sourceTree = "<group>"; };
		F5D9092523107C5700757C45 /* BasicAlerting.swift */ = {isa = PBXFileReference; lastKnownFileType = sourcecode.swift; path = BasicAlerting.swift; sourceTree = "<group>"; };
		F5D9092F23150D1E00757C45 /* DropdownMenuViewController.swift */ = {isa = PBXFileReference; fileEncoding = 4; lastKnownFileType = sourcecode.swift; path = DropdownMenuViewController.swift; sourceTree = "<group>"; };
		F5D909322315100100757C45 /* FolderListDropdownMenuCoordinator.swift */ = {isa = PBXFileReference; lastKnownFileType = sourcecode.swift; path = FolderListDropdownMenuCoordinator.swift; sourceTree = "<group>"; };
		F5D909342315144D00757C45 /* DropdownMenuSourceView.swift */ = {isa = PBXFileReference; lastKnownFileType = sourcecode.swift; path = DropdownMenuSourceView.swift; sourceTree = "<group>"; };
		F5D909372316FDAC00757C45 /* FolderListDropdownMenuDataStore.swift */ = {isa = PBXFileReference; lastKnownFileType = sourcecode.swift; path = FolderListDropdownMenuDataStore.swift; sourceTree = "<group>"; };
		F5D9093A23186F7D00757C45 /* TaskListCoordinator.swift */ = {isa = PBXFileReference; lastKnownFileType = sourcecode.swift; path = TaskListCoordinator.swift; sourceTree = "<group>"; };
		F5D9093C2318701B00757C45 /* TaskListViewController.swift */ = {isa = PBXFileReference; lastKnownFileType = sourcecode.swift; path = TaskListViewController.swift; sourceTree = "<group>"; };
		F5D90940231880A800757C45 /* TaskListViewModel.swift */ = {isa = PBXFileReference; lastKnownFileType = sourcecode.swift; path = TaskListViewModel.swift; sourceTree = "<group>"; };
		F5D90942231880FC00757C45 /* TaskListDataStore.swift */ = {isa = PBXFileReference; lastKnownFileType = sourcecode.swift; path = TaskListDataStore.swift; sourceTree = "<group>"; };
		F5D909442318817D00757C45 /* TaskListDependencyOptions.swift */ = {isa = PBXFileReference; lastKnownFileType = sourcecode.swift; path = TaskListDependencyOptions.swift; sourceTree = "<group>"; };
		F5D9094623188AC400757C45 /* TaskCell.swift */ = {isa = PBXFileReference; lastKnownFileType = sourcecode.swift; path = TaskCell.swift; sourceTree = "<group>"; };
		F5D909492319B1BB00757C45 /* TaskEditorCoordinator.swift */ = {isa = PBXFileReference; lastKnownFileType = sourcecode.swift; path = TaskEditorCoordinator.swift; sourceTree = "<group>"; };
		F5D9094B2319B2B000757C45 /* TaskEditorViewController.swift */ = {isa = PBXFileReference; lastKnownFileType = sourcecode.swift; path = TaskEditorViewController.swift; sourceTree = "<group>"; };
		F5D9094D2319B31200757C45 /* TaskEditorViewModel.swift */ = {isa = PBXFileReference; lastKnownFileType = sourcecode.swift; path = TaskEditorViewModel.swift; sourceTree = "<group>"; };
		F5D9094F2319B3A400757C45 /* TaskEditorDataStore.swift */ = {isa = PBXFileReference; lastKnownFileType = sourcecode.swift; path = TaskEditorDataStore.swift; sourceTree = "<group>"; };
		F5D909512319B3C900757C45 /* TaskEditorDependencyOptions.swift */ = {isa = PBXFileReference; lastKnownFileType = sourcecode.swift; path = TaskEditorDependencyOptions.swift; sourceTree = "<group>"; };
		F5D90955231A9C8700757C45 /* ActivePersistable.swift */ = {isa = PBXFileReference; lastKnownFileType = sourcecode.swift; path = ActivePersistable.swift; sourceTree = "<group>"; };
		F5D90957231C82FA00757C45 /* TaskEditorNavigationController.swift */ = {isa = PBXFileReference; lastKnownFileType = sourcecode.swift; path = TaskEditorNavigationController.swift; sourceTree = "<group>"; };
		F5F49DCC233FD37200CCF17F /* SearchResult.swift */ = {isa = PBXFileReference; lastKnownFileType = sourcecode.swift; path = SearchResult.swift; sourceTree = "<group>"; };
/* End PBXFileReference section */

/* Begin PBXFrameworksBuildPhase section */
		F5106F1522EFF0D800425299 /* Frameworks */ = {
			isa = PBXFrameworksBuildPhase;
			buildActionMask = 2147483647;
			files = (
				3AABDA6228F456DB7E1A756A /* Pods_gud_ios.framework in Frameworks */,
			);
			runOnlyForDeploymentPostprocessing = 0;
		};
		F5106F3122EFF36400425299 /* Frameworks */ = {
			isa = PBXFrameworksBuildPhase;
			buildActionMask = 2147483647;
			files = (
				41DD8E1D534A0EEC7DA912A8 /* Pods_gud_iosTests.framework in Frameworks */,
			);
			runOnlyForDeploymentPostprocessing = 0;
		};
/* End PBXFrameworksBuildPhase section */

/* Begin PBXGroup section */
		9A66170AEFEB0F4AC57C24C7 /* Frameworks */ = {
			isa = PBXGroup;
			children = (
				38F33FC68346C8C4E3FC0F7C /* Pods_gud_ios.framework */,
				0B833F8A95566B4BF75C1BC7 /* Pods_gud_iosTests.framework */,
			);
			name = Frameworks;
			sourceTree = "<group>";
		};
		E1611DA9420573A02C269A56 /* Pods */ = {
			isa = PBXGroup;
			children = (
				A8C286A41DE33C7F44E47A61 /* Pods-gud-ios.debug.xcconfig */,
				90075D545DD3AE62FC0EB1DA /* Pods-gud-ios.release.xcconfig */,
				7D833A7819D245BF5B295D80 /* Pods-gud-iosTests.debug.xcconfig */,
				B9FCBAC9FB4FAEAC5A360A84 /* Pods-gud-iosTests.release.xcconfig */,
			);
			path = Pods;
			sourceTree = "<group>";
		};
		F5106F0F22EFF0D800425299 = {
			isa = PBXGroup;
			children = (
				F5106F1A22EFF0D800425299 /* gud-ios */,
				F5106F3522EFF36400425299 /* gud-iosTests */,
				F5106F1922EFF0D800425299 /* Products */,
				E1611DA9420573A02C269A56 /* Pods */,
				9A66170AEFEB0F4AC57C24C7 /* Frameworks */,
			);
			sourceTree = "<group>";
		};
		F5106F1922EFF0D800425299 /* Products */ = {
			isa = PBXGroup;
			children = (
				F5106F1822EFF0D800425299 /* gud-ios.app */,
				F5106F3422EFF36400425299 /* gud-iosTests.xctest */,
			);
			name = Products;
			sourceTree = "<group>";
		};
		F5106F1A22EFF0D800425299 /* gud-ios */ = {
			isa = PBXGroup;
			children = (
				F5D67746233C70B700A5AD62 /* Network */,
				F5106F4322EFF3C200425299 /* Application */,
				F5106F3F22EFF38900425299 /* Base */,
				F5106F5B22F0948C00425299 /* DeepLink */,
				F5D55A69232F7EC7001D8121 /* Alert */,
				F5106F7E22FA88B700425299 /* FolderEditor */,
				F5106F4922EFF51400425299 /* FolderList */,
				F5D90936231540CC00757C45 /* FolderListDropdownMenu */,
				F5106F6B22F40BA400425299 /* Helpers */,
				F5106F6622F1993F00425299 /* Models */,
				F5106F8F22FCE71F00425299 /* RealmActivePersistence */,
				F5106F7022F5F82900425299 /* Services */,
				F5106F9222FE26D600425299 /* Shared */,
				F5106F4422EFF3D000425299 /* Supporting Files */,
				F5D909482319B19000757C45 /* TaskEditor */,
				F5D9093923186F6100757C45 /* TaskList */,
			);
			path = "gud-ios";
			sourceTree = "<group>";
		};
		F5106F3522EFF36400425299 /* gud-iosTests */ = {
			isa = PBXGroup;
			children = (
				F5106F3622EFF36400425299 /* gud_iosTests.swift */,
				F5106F3822EFF36400425299 /* Info.plist */,
			);
			path = "gud-iosTests";
			sourceTree = "<group>";
		};
		F5106F3F22EFF38900425299 /* Base */ = {
			isa = PBXGroup;
			children = (
				F5106F7B22F6670200425299 /* BaseCacheService.swift */,
				F5106F6022F181AF00425299 /* BaseCollectionViewCell.swift */,
				F5106F4722EFF43B00425299 /* BaseNavigationController.swift */,
				F5106F7922F666B700425299 /* BaseNetworkService.swift */,
				F5106F4522EFF41800425299 /* BaseTabBarController.swift */,
				F5106F9522FE27C400425299 /* BaseTableViewCell.swift */,
				F5106F4022EFF39500425299 /* BaseViewController.swift */,
			);
			path = Base;
			sourceTree = "<group>";
		};
		F5106F4322EFF3C200425299 /* Application */ = {
			isa = PBXGroup;
			children = (
				F5106F5722EFFA5B00425299 /* AppCoordinator.swift */,
				F5106F1B22EFF0D800425299 /* AppDelegate.swift */,
				F59644B92308EE5F009EE6C8 /* AppDependencyOptions.swift */,
				F5106F5522EFFA1600425299 /* AppTabBarController.swift */,
				F59644C1230D3B8C009EE6C8 /* AppTabBarControllerDelegate.swift */,
				F59644B72308ECEF009EE6C8 /* AppViewModel.swift */,
			);
			path = Application;
			sourceTree = "<group>";
		};
		F5106F4422EFF3D000425299 /* Supporting Files */ = {
			isa = PBXGroup;
			children = (
				F5106F2922EFF0D900425299 /* Info.plist */,
				F5106F6922F2A64300425299 /* CustomColor.swift */,
				F56B73CE232DB84100E6F958 /* Environment.swift */,
				F5106F2422EFF0D900425299 /* Assets.xcassets */,
				F5106F2622EFF0D900425299 /* LaunchScreen.storyboard */,
			);
			path = "Supporting Files";
			sourceTree = "<group>";
		};
		F5106F4922EFF51400425299 /* FolderList */ = {
			isa = PBXGroup;
			children = (
				F5106F5E22F1818F00425299 /* FolderCell.swift */,
				F5106F5022EFF86E00425299 /* FolderListCoordinator.swift */,
				F5106F6422F1986800425299 /* FolderListDataStore.swift */,
				F5106F6E22F5F49C00425299 /* FolderListDependencyOptions.swift */,
				F5106F4E22EFF84600425299 /* FolderListNavigationController.swift */,
				F5106F4A22EFF52A00425299 /* FolderListViewController.swift */,
				F59644BB230A127D009EE6C8 /* FolderListViewModel.swift */,
			);
			path = FolderList;
			sourceTree = "<group>";
		};
		F5106F5B22F0948C00425299 /* DeepLink */ = {
			isa = PBXGroup;
			children = (
				F5106F5C22F0949900425299 /* DeepLinkOption.swift */,
			);
			path = DeepLink;
			sourceTree = "<group>";
		};
		F5106F6622F1993F00425299 /* Models */ = {
			isa = PBXGroup;
			children = (
				F5106F6722F1996800425299 /* Folder.swift */,
				F5D9092123105EFE00757C45 /* Task.swift */,
			);
			path = Models;
			sourceTree = "<group>";
		};
		F5106F6B22F40BA400425299 /* Helpers */ = {
			isa = PBXGroup;
			children = (
				F5106F7322F5F84A00425299 /* CacheServicable.swift */,
				F5106F5322EFF95600425299 /* Coordinatable.swift */,
				F5106F6C22F40BD700425299 /* Extensions.swift */,
				F533E1D823021845005A624E /* NotificationGrandCentral.swift */,
				F5106F6222F1824300425299 /* UniquelyIdentifiable.swift */,
			);
			path = Helpers;
			sourceTree = "<group>";
		};
		F5106F7022F5F82900425299 /* Services */ = {
			isa = PBXGroup;
			children = (
				F5106F7522F5FF7C00425299 /* GudNetworkService.swift */,
			);
			path = Services;
			sourceTree = "<group>";
		};
		F5106F7E22FA88B700425299 /* FolderEditor */ = {
			isa = PBXGroup;
			children = (
				F5106F8122FB1E4F00425299 /* FolderEditorCoordinator.swift */,
				F5106F8722FB210200425299 /* FolderEditorDataStore.swift */,
				F5106F8522FB1F3400425299 /* FolderEditorDependencyOptions.swift */,
				F5106F8322FB1F0300425299 /* FolderEditorNavigationController.swift */,
				F5106F7F22FB1D3100425299 /* FolderEditorViewController.swift */,
				F59644C3230DA58F009EE6C8 /* FolderEditorViewModel.swift */,
			);
			path = FolderEditor;
			sourceTree = "<group>";
		};
		F5106F8F22FCE71F00425299 /* RealmActivePersistence */ = {
			isa = PBXGroup;
			children = (
				F5D90955231A9C8700757C45 /* ActivePersistable.swift */,
				F5A2FAFD23419FAF001A0E22 /* Datetime.swift */,
				F5D55A6C2335601C001D8121 /* DBException.swift */,
				F5106F9022FCE73F00425299 /* RealmManager.swift */,
				F5A2FAFF2341A193001A0E22 /* RecordIdentifiable.swift */,
				F533E1D223009D1A005A624E /* RLMBaseModel.swift */,
			);
			path = RealmActivePersistence;
			sourceTree = "<group>";
		};
		F5106F9222FE26D600425299 /* Shared */ = {
			isa = PBXGroup;
			children = (
				F59487B5233BF2CE001FECA5 /* SearchResults */,
				F5106F9322FE277900425299 /* TextInputCell.swift */,
				F533E1D62300F94A005A624E /* TextInputCellUpdating.swift */,
				F5D9093123150FEE00757C45 /* DropdownMenu */,
			);
			path = Shared;
			sourceTree = "<group>";
		};
		F59487B5233BF2CE001FECA5 /* SearchResults */ = {
			isa = PBXGroup;
			children = (
				F5F49DCC233FD37200CCF17F /* SearchResult.swift */,
				F5D67744233C000F00A5AD62 /* SearchResultCell.swift */,
				F59487B6233BF2EF001FECA5 /* SearchResultsViewController.swift */,
			);
			path = SearchResults;
			sourceTree = "<group>";
		};
		F5D55A69232F7EC7001D8121 /* Alert */ = {
			isa = PBXGroup;
			children = (
				F5D55A6E23356882001D8121 /* AlertType.swift */,
				F5D9092523107C5700757C45 /* BasicAlerting.swift */,
			);
			path = Alert;
			sourceTree = "<group>";
		};
		F5D67746233C70B700A5AD62 /* Network */ = {
			isa = PBXGroup;
			children = (
				F5106F7122F5F84100425299 /* NetworkServicable.swift */,
			);
			path = Network;
			sourceTree = "<group>";
		};
		F5D9093123150FEE00757C45 /* DropdownMenu */ = {
			isa = PBXGroup;
			children = (
				F5D909342315144D00757C45 /* DropdownMenuSourceView.swift */,
				F5D9092F23150D1E00757C45 /* DropdownMenuViewController.swift */,
			);
			path = DropdownMenu;
			sourceTree = "<group>";
		};
		F5D90936231540CC00757C45 /* FolderListDropdownMenu */ = {
			isa = PBXGroup;
			children = (
				F5D909322315100100757C45 /* FolderListDropdownMenuCoordinator.swift */,
				F5D909372316FDAC00757C45 /* FolderListDropdownMenuDataStore.swift */,
			);
			path = FolderListDropdownMenu;
			sourceTree = "<group>";
		};
		F5D9093923186F6100757C45 /* TaskList */ = {
			isa = PBXGroup;
			children = (
				F5D9094623188AC400757C45 /* TaskCell.swift */,
				F5D9093A23186F7D00757C45 /* TaskListCoordinator.swift */,
				F5D90942231880FC00757C45 /* TaskListDataStore.swift */,
				F5D909442318817D00757C45 /* TaskListDependencyOptions.swift */,
				F5D9093C2318701B00757C45 /* TaskListViewController.swift */,
				F5D90940231880A800757C45 /* TaskListViewModel.swift */,
			);
			path = TaskList;
			sourceTree = "<group>";
		};
		F5D909482319B19000757C45 /* TaskEditor */ = {
			isa = PBXGroup;
			children = (
				F5D909492319B1BB00757C45 /* TaskEditorCoordinator.swift */,
				F5D9094F2319B3A400757C45 /* TaskEditorDataStore.swift */,
				F5D909512319B3C900757C45 /* TaskEditorDependencyOptions.swift */,
				F5D90957231C82FA00757C45 /* TaskEditorNavigationController.swift */,
				F5D9094B2319B2B000757C45 /* TaskEditorViewController.swift */,
				F5D9094D2319B31200757C45 /* TaskEditorViewModel.swift */,
			);
			path = TaskEditor;
			sourceTree = "<group>";
		};
/* End PBXGroup section */

/* Begin PBXNativeTarget section */
		F5106F1722EFF0D800425299 /* gud-ios */ = {
			isa = PBXNativeTarget;
			buildConfigurationList = F5106F2C22EFF0D900425299 /* Build configuration list for PBXNativeTarget "gud-ios" */;
			buildPhases = (
				CFC947CA4DB54688CA77D574 /* [CP] Check Pods Manifest.lock */,
				F5106F1422EFF0D800425299 /* Sources */,
				F5106F1522EFF0D800425299 /* Frameworks */,
				F5106F1622EFF0D800425299 /* Resources */,
				694B146310FBAFF89CFBC428 /* [CP] Embed Pods Frameworks */,
			);
			buildRules = (
			);
			dependencies = (
			);
			name = "gud-ios";
			productName = "gud-ios";
			productReference = F5106F1822EFF0D800425299 /* gud-ios.app */;
			productType = "com.apple.product-type.application";
		};
		F5106F3322EFF36400425299 /* gud-iosTests */ = {
			isa = PBXNativeTarget;
			buildConfigurationList = F5106F3B22EFF36400425299 /* Build configuration list for PBXNativeTarget "gud-iosTests" */;
			buildPhases = (
				FEC96666E13F67D9F3C631AF /* [CP] Check Pods Manifest.lock */,
				F5106F3022EFF36400425299 /* Sources */,
				F5106F3122EFF36400425299 /* Frameworks */,
				F5106F3222EFF36400425299 /* Resources */,
				DEA9DD28C4C8B68AE35E21FB /* [CP] Embed Pods Frameworks */,
			);
			buildRules = (
			);
			dependencies = (
				F5106F3A22EFF36400425299 /* PBXTargetDependency */,
			);
			name = "gud-iosTests";
			productName = "gud-iosTests";
			productReference = F5106F3422EFF36400425299 /* gud-iosTests.xctest */;
			productType = "com.apple.product-type.bundle.unit-test";
		};
/* End PBXNativeTarget section */

/* Begin PBXProject section */
		F5106F1022EFF0D800425299 /* Project object */ = {
			isa = PBXProject;
			attributes = {
				LastSwiftUpdateCheck = 1030;
				LastUpgradeCheck = 1030;
				ORGANIZATIONNAME = sudofluff;
				TargetAttributes = {
					F5106F1722EFF0D800425299 = {
						CreatedOnToolsVersion = 10.3;
					};
					F5106F3322EFF36400425299 = {
						CreatedOnToolsVersion = 10.3;
						TestTargetID = F5106F1722EFF0D800425299;
					};
				};
			};
			buildConfigurationList = F5106F1322EFF0D800425299 /* Build configuration list for PBXProject "gud-ios" */;
			compatibilityVersion = "Xcode 9.3";
			developmentRegion = en;
			hasScannedForEncodings = 0;
			knownRegions = (
				en,
				Base,
			);
			mainGroup = F5106F0F22EFF0D800425299;
			productRefGroup = F5106F1922EFF0D800425299 /* Products */;
			projectDirPath = "";
			projectRoot = "";
			targets = (
				F5106F1722EFF0D800425299 /* gud-ios */,
				F5106F3322EFF36400425299 /* gud-iosTests */,
			);
		};
/* End PBXProject section */

/* Begin PBXResourcesBuildPhase section */
		F5106F1622EFF0D800425299 /* Resources */ = {
			isa = PBXResourcesBuildPhase;
			buildActionMask = 2147483647;
			files = (
				F5106F2822EFF0D900425299 /* LaunchScreen.storyboard in Resources */,
				F5106F2522EFF0D900425299 /* Assets.xcassets in Resources */,
			);
			runOnlyForDeploymentPostprocessing = 0;
		};
		F5106F3222EFF36400425299 /* Resources */ = {
			isa = PBXResourcesBuildPhase;
			buildActionMask = 2147483647;
			files = (
			);
			runOnlyForDeploymentPostprocessing = 0;
		};
/* End PBXResourcesBuildPhase section */

/* Begin PBXShellScriptBuildPhase section */
		694B146310FBAFF89CFBC428 /* [CP] Embed Pods Frameworks */ = {
			isa = PBXShellScriptBuildPhase;
			buildActionMask = 2147483647;
			files = (
			);
			inputFileListPaths = (
				"${PODS_ROOT}/Target Support Files/Pods-gud-ios/Pods-gud-ios-frameworks-${CONFIGURATION}-input-files.xcfilelist",
			);
			name = "[CP] Embed Pods Frameworks";
			outputFileListPaths = (
				"${PODS_ROOT}/Target Support Files/Pods-gud-ios/Pods-gud-ios-frameworks-${CONFIGURATION}-output-files.xcfilelist",
			);
			runOnlyForDeploymentPostprocessing = 0;
			shellPath = /bin/sh;
			shellScript = "\"${PODS_ROOT}/Target Support Files/Pods-gud-ios/Pods-gud-ios-frameworks.sh\"\n";
			showEnvVarsInLog = 0;
		};
		CFC947CA4DB54688CA77D574 /* [CP] Check Pods Manifest.lock */ = {
			isa = PBXShellScriptBuildPhase;
			buildActionMask = 2147483647;
			files = (
			);
			inputFileListPaths = (
			);
			inputPaths = (
				"${PODS_PODFILE_DIR_PATH}/Podfile.lock",
				"${PODS_ROOT}/Manifest.lock",
			);
			name = "[CP] Check Pods Manifest.lock";
			outputFileListPaths = (
			);
			outputPaths = (
				"$(DERIVED_FILE_DIR)/Pods-gud-ios-checkManifestLockResult.txt",
			);
			runOnlyForDeploymentPostprocessing = 0;
			shellPath = /bin/sh;
			shellScript = "diff \"${PODS_PODFILE_DIR_PATH}/Podfile.lock\" \"${PODS_ROOT}/Manifest.lock\" > /dev/null\nif [ $? != 0 ] ; then\n    # print error to STDERR\n    echo \"error: The sandbox is not in sync with the Podfile.lock. Run 'pod install' or update your CocoaPods installation.\" >&2\n    exit 1\nfi\n# This output is used by Xcode 'outputs' to avoid re-running this script phase.\necho \"SUCCESS\" > \"${SCRIPT_OUTPUT_FILE_0}\"\n";
			showEnvVarsInLog = 0;
		};
		DEA9DD28C4C8B68AE35E21FB /* [CP] Embed Pods Frameworks */ = {
			isa = PBXShellScriptBuildPhase;
			buildActionMask = 2147483647;
			files = (
			);
			inputFileListPaths = (
				"${PODS_ROOT}/Target Support Files/Pods-gud-iosTests/Pods-gud-iosTests-frameworks-${CONFIGURATION}-input-files.xcfilelist",
			);
			name = "[CP] Embed Pods Frameworks";
			outputFileListPaths = (
				"${PODS_ROOT}/Target Support Files/Pods-gud-iosTests/Pods-gud-iosTests-frameworks-${CONFIGURATION}-output-files.xcfilelist",
			);
			runOnlyForDeploymentPostprocessing = 0;
			shellPath = /bin/sh;
			shellScript = "\"${PODS_ROOT}/Target Support Files/Pods-gud-iosTests/Pods-gud-iosTests-frameworks.sh\"\n";
			showEnvVarsInLog = 0;
		};
		FEC96666E13F67D9F3C631AF /* [CP] Check Pods Manifest.lock */ = {
			isa = PBXShellScriptBuildPhase;
			buildActionMask = 2147483647;
			files = (
			);
			inputFileListPaths = (
			);
			inputPaths = (
				"${PODS_PODFILE_DIR_PATH}/Podfile.lock",
				"${PODS_ROOT}/Manifest.lock",
			);
			name = "[CP] Check Pods Manifest.lock";
			outputFileListPaths = (
			);
			outputPaths = (
				"$(DERIVED_FILE_DIR)/Pods-gud-iosTests-checkManifestLockResult.txt",
			);
			runOnlyForDeploymentPostprocessing = 0;
			shellPath = /bin/sh;
			shellScript = "diff \"${PODS_PODFILE_DIR_PATH}/Podfile.lock\" \"${PODS_ROOT}/Manifest.lock\" > /dev/null\nif [ $? != 0 ] ; then\n    # print error to STDERR\n    echo \"error: The sandbox is not in sync with the Podfile.lock. Run 'pod install' or update your CocoaPods installation.\" >&2\n    exit 1\nfi\n# This output is used by Xcode 'outputs' to avoid re-running this script phase.\necho \"SUCCESS\" > \"${SCRIPT_OUTPUT_FILE_0}\"\n";
			showEnvVarsInLog = 0;
		};
/* End PBXShellScriptBuildPhase section */

/* Begin PBXSourcesBuildPhase section */
		F5106F1422EFF0D800425299 /* Sources */ = {
			isa = PBXSourcesBuildPhase;
			buildActionMask = 2147483647;
			files = (
				F5106F7622F5FF7C00425299 /* GudNetworkService.swift in Sources */,
				F5106F5122EFF86E00425299 /* FolderListCoordinator.swift in Sources */,
				F5D9094E2319B31200757C45 /* TaskEditorViewModel.swift in Sources */,
				F5106F9122FCE73F00425299 /* RealmManager.swift in Sources */,
				F5D67745233C000F00A5AD62 /* SearchResultCell.swift in Sources */,
				F533E1D323009D1A005A624E /* RLMBaseModel.swift in Sources */,
				F5D9094C2319B2B000757C45 /* TaskEditorViewController.swift in Sources */,
				F5106F6D22F40BD700425299 /* Extensions.swift in Sources */,
				F56B73CF232DB84100E6F958 /* Environment.swift in Sources */,
				F5A2FB002341A193001A0E22 /* RecordIdentifiable.swift in Sources */,
				F533E1D923021845005A624E /* NotificationGrandCentral.swift in Sources */,
				F5106F6122F181AF00425299 /* BaseCollectionViewCell.swift in Sources */,
				F5106F7C22F6670200425299 /* BaseCacheService.swift in Sources */,
				F5106F8222FB1E4F00425299 /* FolderEditorCoordinator.swift in Sources */,
				F5D9094723188AC400757C45 /* TaskCell.swift in Sources */,
				F5106F6A22F2A64300425299 /* CustomColor.swift in Sources */,
				F59644BC230A127D009EE6C8 /* FolderListViewModel.swift in Sources */,
				F5106F4B22EFF52A00425299 /* FolderListViewController.swift in Sources */,
				F5106F4122EFF39500425299 /* BaseViewController.swift in Sources */,
				F5D90956231A9C8700757C45 /* ActivePersistable.swift in Sources */,
				F5D90943231880FC00757C45 /* TaskListDataStore.swift in Sources */,
				F5D909352315144D00757C45 /* DropdownMenuSourceView.swift in Sources */,
				F59644C4230DA58F009EE6C8 /* FolderEditorViewModel.swift in Sources */,
				F5F49DCD233FD37200CCF17F /* SearchResult.swift in Sources */,
				F5D55A6D2335601C001D8121 /* DBException.swift in Sources */,
				F5106F8422FB1F0300425299 /* FolderEditorNavigationController.swift in Sources */,
				F5106F6F22F5F49C00425299 /* FolderListDependencyOptions.swift in Sources */,
				F533E1D72300F94A005A624E /* TextInputCellUpdating.swift in Sources */,
				F5106F5622EFFA1600425299 /* AppTabBarController.swift in Sources */,
				F5106F5D22F0949900425299 /* DeepLinkOption.swift in Sources */,
				F5D909522319B3C900757C45 /* TaskEditorDependencyOptions.swift in Sources */,
				F5106F4822EFF43B00425299 /* BaseNavigationController.swift in Sources */,
				F5106F7422F5F84A00425299 /* CacheServicable.swift in Sources */,
				F5D9093B23186F7D00757C45 /* TaskListCoordinator.swift in Sources */,
				F5D90958231C82FA00757C45 /* TaskEditorNavigationController.swift in Sources */,
				F5106F9622FE27C400425299 /* BaseTableViewCell.swift in Sources */,
				F5D9093023150D1E00757C45 /* DropdownMenuViewController.swift in Sources */,
				F5A2FAFE23419FAF001A0E22 /* Datetime.swift in Sources */,
				F5D909332315100100757C45 /* FolderListDropdownMenuCoordinator.swift in Sources */,
				F5106F6522F1986800425299 /* FolderListDataStore.swift in Sources */,
				F59644C2230D3B8C009EE6C8 /* AppTabBarControllerDelegate.swift in Sources */,
				F5106F5822EFFA5B00425299 /* AppCoordinator.swift in Sources */,
				F5D9094A2319B1BB00757C45 /* TaskEditorCoordinator.swift in Sources */,
				F5106F7222F5F84100425299 /* NetworkServicable.swift in Sources */,
				F59487B7233BF2EF001FECA5 /* SearchResultsViewController.swift in Sources */,
				F5D55A6F23356882001D8121 /* AlertType.swift in Sources */,
				F5106F4622EFF41800425299 /* BaseTabBarController.swift in Sources */,
				F5D909382316FDAC00757C45 /* FolderListDropdownMenuDataStore.swift in Sources */,
				F59644B82308ECEF009EE6C8 /* AppViewModel.swift in Sources */,
				F5D909502319B3A400757C45 /* TaskEditorDataStore.swift in Sources */,
				F5106F7A22F666B700425299 /* BaseNetworkService.swift in Sources */,
				F5D909452318817D00757C45 /* TaskListDependencyOptions.swift in Sources */,
				F5D9093D2318701B00757C45 /* TaskListViewController.swift in Sources */,
				F5106F5422EFF95600425299 /* Coordinatable.swift in Sources */,
				F5D90941231880A800757C45 /* TaskListViewModel.swift in Sources */,
				F5106F4F22EFF84600425299 /* FolderListNavigationController.swift in Sources */,
				F5106F6322F1824300425299 /* UniquelyIdentifiable.swift in Sources */,
				F5106F9422FE277900425299 /* TextInputCell.swift in Sources */,
				F5106F8022FB1D3100425299 /* FolderEditorViewController.swift in Sources */,
				F5D9092223105EFE00757C45 /* Task.swift in Sources */,
				F5D9092623107C5700757C45 /* BasicAlerting.swift in Sources */,
				F5106F8622FB1F3400425299 /* FolderEditorDependencyOptions.swift in Sources */,
				F5106F5F22F1818F00425299 /* FolderCell.swift in Sources */,
				F5106F8822FB210200425299 /* FolderEditorDataStore.swift in Sources */,
				F5106F6822F1996800425299 /* Folder.swift in Sources */,
				F5106F1C22EFF0D800425299 /* AppDelegate.swift in Sources */,
				F59644BA2308EE5F009EE6C8 /* AppDependencyOptions.swift in Sources */,
			);
			runOnlyForDeploymentPostprocessing = 0;
		};
		F5106F3022EFF36400425299 /* Sources */ = {
			isa = PBXSourcesBuildPhase;
			buildActionMask = 2147483647;
			files = (
				F5106F3722EFF36400425299 /* gud_iosTests.swift in Sources */,
			);
			runOnlyForDeploymentPostprocessing = 0;
		};
/* End PBXSourcesBuildPhase section */

/* Begin PBXTargetDependency section */
		F5106F3A22EFF36400425299 /* PBXTargetDependency */ = {
			isa = PBXTargetDependency;
			target = F5106F1722EFF0D800425299 /* gud-ios */;
			targetProxy = F5106F3922EFF36400425299 /* PBXContainerItemProxy */;
		};
/* End PBXTargetDependency section */

/* Begin PBXVariantGroup section */
		F5106F2622EFF0D900425299 /* LaunchScreen.storyboard */ = {
			isa = PBXVariantGroup;
			children = (
				F5106F2722EFF0D900425299 /* Base */,
			);
			name = LaunchScreen.storyboard;
			sourceTree = "<group>";
		};
/* End PBXVariantGroup section */

/* Begin XCBuildConfiguration section */
		F5106F2A22EFF0D900425299 /* Debug */ = {
			isa = XCBuildConfiguration;
			buildSettings = {
				ALWAYS_SEARCH_USER_PATHS = NO;
				CLANG_ANALYZER_NONNULL = YES;
				CLANG_ANALYZER_NUMBER_OBJECT_CONVERSION = YES_AGGRESSIVE;
				CLANG_CXX_LANGUAGE_STANDARD = "gnu++14";
				CLANG_CXX_LIBRARY = "libc++";
				CLANG_ENABLE_MODULES = YES;
				CLANG_ENABLE_OBJC_ARC = YES;
				CLANG_ENABLE_OBJC_WEAK = YES;
				CLANG_WARN_BLOCK_CAPTURE_AUTORELEASING = YES;
				CLANG_WARN_BOOL_CONVERSION = YES;
				CLANG_WARN_COMMA = YES;
				CLANG_WARN_CONSTANT_CONVERSION = YES;
				CLANG_WARN_DEPRECATED_OBJC_IMPLEMENTATIONS = YES;
				CLANG_WARN_DIRECT_OBJC_ISA_USAGE = YES_ERROR;
				CLANG_WARN_DOCUMENTATION_COMMENTS = YES;
				CLANG_WARN_EMPTY_BODY = YES;
				CLANG_WARN_ENUM_CONVERSION = YES;
				CLANG_WARN_INFINITE_RECURSION = YES;
				CLANG_WARN_INT_CONVERSION = YES;
				CLANG_WARN_NON_LITERAL_NULL_CONVERSION = YES;
				CLANG_WARN_OBJC_IMPLICIT_RETAIN_SELF = YES;
				CLANG_WARN_OBJC_LITERAL_CONVERSION = YES;
				CLANG_WARN_OBJC_ROOT_CLASS = YES_ERROR;
				CLANG_WARN_RANGE_LOOP_ANALYSIS = YES;
				CLANG_WARN_STRICT_PROTOTYPES = YES;
				CLANG_WARN_SUSPICIOUS_MOVE = YES;
				CLANG_WARN_UNGUARDED_AVAILABILITY = YES_AGGRESSIVE;
				CLANG_WARN_UNREACHABLE_CODE = YES;
				CLANG_WARN__DUPLICATE_METHOD_MATCH = YES;
				CODE_SIGN_IDENTITY = "iPhone Developer";
				COPY_PHASE_STRIP = NO;
				DEBUG_INFORMATION_FORMAT = dwarf;
				ENABLE_STRICT_OBJC_MSGSEND = YES;
				ENABLE_TESTABILITY = YES;
				GCC_C_LANGUAGE_STANDARD = gnu11;
				GCC_DYNAMIC_NO_PIC = NO;
				GCC_NO_COMMON_BLOCKS = YES;
				GCC_OPTIMIZATION_LEVEL = 0;
				GCC_PREPROCESSOR_DEFINITIONS = (
					"DEBUG=1",
					"$(inherited)",
				);
				GCC_WARN_64_TO_32_BIT_CONVERSION = YES;
				GCC_WARN_ABOUT_RETURN_TYPE = YES_ERROR;
				GCC_WARN_UNDECLARED_SELECTOR = YES;
				GCC_WARN_UNINITIALIZED_AUTOS = YES_AGGRESSIVE;
				GCC_WARN_UNUSED_FUNCTION = YES;
				GCC_WARN_UNUSED_VARIABLE = YES;
				IPHONEOS_DEPLOYMENT_TARGET = 12.4;
				MTL_ENABLE_DEBUG_INFO = INCLUDE_SOURCE;
				MTL_FAST_MATH = YES;
				ONLY_ACTIVE_ARCH = YES;
				SDKROOT = iphoneos;
				SWIFT_ACTIVE_COMPILATION_CONDITIONS = DEBUG;
				SWIFT_OPTIMIZATION_LEVEL = "-Onone";
			};
			name = Debug;
		};
		F5106F2B22EFF0D900425299 /* Release */ = {
			isa = XCBuildConfiguration;
			buildSettings = {
				ALWAYS_SEARCH_USER_PATHS = NO;
				CLANG_ANALYZER_NONNULL = YES;
				CLANG_ANALYZER_NUMBER_OBJECT_CONVERSION = YES_AGGRESSIVE;
				CLANG_CXX_LANGUAGE_STANDARD = "gnu++14";
				CLANG_CXX_LIBRARY = "libc++";
				CLANG_ENABLE_MODULES = YES;
				CLANG_ENABLE_OBJC_ARC = YES;
				CLANG_ENABLE_OBJC_WEAK = YES;
				CLANG_WARN_BLOCK_CAPTURE_AUTORELEASING = YES;
				CLANG_WARN_BOOL_CONVERSION = YES;
				CLANG_WARN_COMMA = YES;
				CLANG_WARN_CONSTANT_CONVERSION = YES;
				CLANG_WARN_DEPRECATED_OBJC_IMPLEMENTATIONS = YES;
				CLANG_WARN_DIRECT_OBJC_ISA_USAGE = YES_ERROR;
				CLANG_WARN_DOCUMENTATION_COMMENTS = YES;
				CLANG_WARN_EMPTY_BODY = YES;
				CLANG_WARN_ENUM_CONVERSION = YES;
				CLANG_WARN_INFINITE_RECURSION = YES;
				CLANG_WARN_INT_CONVERSION = YES;
				CLANG_WARN_NON_LITERAL_NULL_CONVERSION = YES;
				CLANG_WARN_OBJC_IMPLICIT_RETAIN_SELF = YES;
				CLANG_WARN_OBJC_LITERAL_CONVERSION = YES;
				CLANG_WARN_OBJC_ROOT_CLASS = YES_ERROR;
				CLANG_WARN_RANGE_LOOP_ANALYSIS = YES;
				CLANG_WARN_STRICT_PROTOTYPES = YES;
				CLANG_WARN_SUSPICIOUS_MOVE = YES;
				CLANG_WARN_UNGUARDED_AVAILABILITY = YES_AGGRESSIVE;
				CLANG_WARN_UNREACHABLE_CODE = YES;
				CLANG_WARN__DUPLICATE_METHOD_MATCH = YES;
				CODE_SIGN_IDENTITY = "iPhone Developer";
				COPY_PHASE_STRIP = NO;
				DEBUG_INFORMATION_FORMAT = "dwarf-with-dsym";
				ENABLE_NS_ASSERTIONS = NO;
				ENABLE_STRICT_OBJC_MSGSEND = YES;
				GCC_C_LANGUAGE_STANDARD = gnu11;
				GCC_NO_COMMON_BLOCKS = YES;
				GCC_WARN_64_TO_32_BIT_CONVERSION = YES;
				GCC_WARN_ABOUT_RETURN_TYPE = YES_ERROR;
				GCC_WARN_UNDECLARED_SELECTOR = YES;
				GCC_WARN_UNINITIALIZED_AUTOS = YES_AGGRESSIVE;
				GCC_WARN_UNUSED_FUNCTION = YES;
				GCC_WARN_UNUSED_VARIABLE = YES;
				IPHONEOS_DEPLOYMENT_TARGET = 12.4;
				MTL_ENABLE_DEBUG_INFO = NO;
				MTL_FAST_MATH = YES;
				SDKROOT = iphoneos;
				SWIFT_COMPILATION_MODE = wholemodule;
				SWIFT_OPTIMIZATION_LEVEL = "-O";
				VALIDATE_PRODUCT = YES;
			};
			name = Release;
		};
		F5106F2D22EFF0D900425299 /* Debug */ = {
			isa = XCBuildConfiguration;
			baseConfigurationReference = A8C286A41DE33C7F44E47A61 /* Pods-gud-ios.debug.xcconfig */;
			buildSettings = {
				ASSETCATALOG_COMPILER_APPICON_NAME = AppIcon;
				CODE_SIGN_STYLE = Automatic;
				DEVELOPMENT_TEAM = KKSY22G5PE;
				INFOPLIST_FILE = "$(SRCROOT)/gud-ios/Supporting Files/Info.plist";
				IPHONEOS_DEPLOYMENT_TARGET = 13.0;
				LD_RUNPATH_SEARCH_PATHS = (
					"$(inherited)",
					"@executable_path/Frameworks",
				);
				PRODUCT_BUNDLE_IDENTIFIER = "com.sudofluff.gud-ios";
				PRODUCT_NAME = "$(TARGET_NAME)";
				SWIFT_VERSION = 5.0;
				TARGETED_DEVICE_FAMILY = "1,2";
			};
			name = Debug;
		};
		F5106F2E22EFF0D900425299 /* Release */ = {
			isa = XCBuildConfiguration;
			baseConfigurationReference = 90075D545DD3AE62FC0EB1DA /* Pods-gud-ios.release.xcconfig */;
			buildSettings = {
				ASSETCATALOG_COMPILER_APPICON_NAME = AppIcon;
				CODE_SIGN_STYLE = Automatic;
				DEVELOPMENT_TEAM = KKSY22G5PE;
				INFOPLIST_FILE = "$(SRCROOT)/gud-ios/Supporting Files/Info.plist";
				IPHONEOS_DEPLOYMENT_TARGET = 13.0;
				LD_RUNPATH_SEARCH_PATHS = (
					"$(inherited)",
					"@executable_path/Frameworks",
				);
				PRODUCT_BUNDLE_IDENTIFIER = "com.sudofluff.gud-ios";
				PRODUCT_NAME = "$(TARGET_NAME)";
				SWIFT_VERSION = 5.0;
				TARGETED_DEVICE_FAMILY = "1,2";
			};
			name = Release;
		};
		F5106F3C22EFF36400425299 /* Debug */ = {
			isa = XCBuildConfiguration;
			baseConfigurationReference = 7D833A7819D245BF5B295D80 /* Pods-gud-iosTests.debug.xcconfig */;
			buildSettings = {
				BUNDLE_LOADER = "$(TEST_HOST)";
				CODE_SIGN_STYLE = Automatic;
				DEVELOPMENT_TEAM = KKSY22G5PE;
				INFOPLIST_FILE = "gud-iosTests/Info.plist";
				LD_RUNPATH_SEARCH_PATHS = (
					"$(inherited)",
					"@executable_path/Frameworks",
					"@loader_path/Frameworks",
				);
				PRODUCT_BUNDLE_IDENTIFIER = "com.sudofluff.gud-iosTests";
				PRODUCT_NAME = "$(TARGET_NAME)";
				SWIFT_VERSION = 5.0;
				TARGETED_DEVICE_FAMILY = "1,2";
				TEST_HOST = "$(BUILT_PRODUCTS_DIR)/gud-ios.app/gud-ios";
			};
			name = Debug;
		};
		F5106F3D22EFF36400425299 /* Release */ = {
			isa = XCBuildConfiguration;
			baseConfigurationReference = B9FCBAC9FB4FAEAC5A360A84 /* Pods-gud-iosTests.release.xcconfig */;
			buildSettings = {
				BUNDLE_LOADER = "$(TEST_HOST)";
				CODE_SIGN_STYLE = Automatic;
				DEVELOPMENT_TEAM = KKSY22G5PE;
				INFOPLIST_FILE = "gud-iosTests/Info.plist";
				LD_RUNPATH_SEARCH_PATHS = (
					"$(inherited)",
					"@executable_path/Frameworks",
					"@loader_path/Frameworks",
				);
				PRODUCT_BUNDLE_IDENTIFIER = "com.sudofluff.gud-iosTests";
				PRODUCT_NAME = "$(TARGET_NAME)";
				SWIFT_VERSION = 5.0;
				TARGETED_DEVICE_FAMILY = "1,2";
				TEST_HOST = "$(BUILT_PRODUCTS_DIR)/gud-ios.app/gud-ios";
			};
			name = Release;
		};
/* End XCBuildConfiguration section */

/* Begin XCConfigurationList section */
		F5106F1322EFF0D800425299 /* Build configuration list for PBXProject "gud-ios" */ = {
			isa = XCConfigurationList;
			buildConfigurations = (
				F5106F2A22EFF0D900425299 /* Debug */,
				F5106F2B22EFF0D900425299 /* Release */,
			);
			defaultConfigurationIsVisible = 0;
			defaultConfigurationName = Release;
		};
		F5106F2C22EFF0D900425299 /* Build configuration list for PBXNativeTarget "gud-ios" */ = {
			isa = XCConfigurationList;
			buildConfigurations = (
				F5106F2D22EFF0D900425299 /* Debug */,
				F5106F2E22EFF0D900425299 /* Release */,
			);
			defaultConfigurationIsVisible = 0;
			defaultConfigurationName = Release;
		};
		F5106F3B22EFF36400425299 /* Build configuration list for PBXNativeTarget "gud-iosTests" */ = {
			isa = XCConfigurationList;
			buildConfigurations = (
				F5106F3C22EFF36400425299 /* Debug */,
				F5106F3D22EFF36400425299 /* Release */,
			);
			defaultConfigurationIsVisible = 0;
			defaultConfigurationName = Release;
		};
/* End XCConfigurationList section */
	};
	rootObject = F5106F1022EFF0D800425299 /* Project object */;
}
